
Microsoft Visual Studio Solution File, Format Version 12.00
# Visual Studio 15
VisualStudioVersion = 15.0.27130.2027
MinimumVisualStudioVersion = 10.0.40219.1
Project("{FAE04EC0-301F-11D3-BF4B-00C04F79EFBC}") = "ShitTemplate", "ShitTemplate\ShitTemplate.csproj", "{92094B4A-E627-4169-961F-5130B4A108A6}"
EndProject
Global
	GlobalSection(SolutionConfigurationPlatforms) = preSolution
		Debug|Any CPU = Debug|Any CPU
		Release|Any CPU = Release|Any CPU
	EndGlobalSection
	GlobalSection(ProjectConfigurationPlatforms) = postSolution
		{92094B4A-E627-4169-961F-5130B4A108A6}.Debug|Any CPU.ActiveCfg = Debug|Any CPU
		{92094B4A-E627-4169-961F-5130B4A108A6}.Debug|Any CPU.Build.0 = Debug|Any CPU
		{92094B4A-E627-4169-961F-5130B4A108A6}.Release|Any CPU.ActiveCfg = Release|Any CPU
		{92094B4A-E627-4169-961F-5130B4A108A6}.Release|Any CPU.Build.0 = Release|Any CPU
	EndGlobalSection
	GlobalSection(SolutionProperties) = preSolution
		HideSolutionNode = FALSE
	EndGlobalSection
	GlobalSection(ExtensibilityGlobals) = postSolution
		SolutionGuid = {9B7D492C-633F-445F-BF3D-96E7CA3B2BCF}
	EndGlobalSection
EndGlobal
